// !$*UTF8*$!
{
	archiveVersion = 1;
	classes = {
	};
	objectVersion = 48;
	objects = {

/* Begin PBXBuildFile section */
		184B1D50207C9ADA00C9F9F9 /* AppDelegate.swift in Sources */ = {isa = PBXBuildFile; fileRef = 184B1D4F207C9ADA00C9F9F9 /* AppDelegate.swift */; };
		184B1D52207C9ADA00C9F9F9 /* ViewController.swift in Sources */ = {isa = PBXBuildFile; fileRef = 184B1D51207C9ADA00C9F9F9 /* ViewController.swift */; };
		184B1D55207C9ADA00C9F9F9 /* Main.storyboard in Resources */ = {isa = PBXBuildFile; fileRef = 184B1D53207C9ADA00C9F9F9 /* Main.storyboard */; };
		184B1D57207C9ADA00C9F9F9 /* Assets.xcassets in Resources */ = {isa = PBXBuildFile; fileRef = 184B1D56207C9ADA00C9F9F9 /* Assets.xcassets */; };
		184B1D5A207C9ADA00C9F9F9 /* LaunchScreen.storyboard in Resources */ = {isa = PBXBuildFile; fileRef = 184B1D58207C9ADA00C9F9F9 /* LaunchScreen.storyboard */; };
/* End PBXBuildFile section */

/* Begin PBXFileReference section */
		184B1D4C207C9ADA00C9F9F9 /* SGPagingViewDemo.app */ = {isa = PBXFileReference; explicitFileType = wrapper.application; includeInIndex = 0; path = SGPagingViewDemo.app; sourceTree = BUILT_PRODUCTS_DIR; };
		184B1D4F207C9ADA00C9F9F9 /* AppDelegate.swift */ = {isa = PBXFileReference; lastKnownFileType = sourcecode.swift; path = AppDelegate.swift; sourceTree = "<group>"; };
		184B1D51207C9ADA00C9F9F9 /* ViewController.swift */ = {isa = PBXFileReference; lastKnownFileType = sourcecode.swift; path = ViewController.swift; sourceTree = "<group>"; };
		184B1D54207C9ADA00C9F9F9 /* Base */ = {isa = PBXFileReference; lastKnownFileType = file.storyboard; name = Base; path = Base.lproj/Main.storyboard; sourceTree = "<group>"; };
		184B1D56207C9ADA00C9F9F9 /* Assets.xcassets */ = {isa = PBXFileReference; lastKnownFileType = folder.assetcatalog; path = Assets.xcassets; sourceTree = "<group>"; };
		184B1D59207C9ADA00C9F9F9 /* Base */ = {isa = PBXFileReference; lastKnownFileType = file.storyboard; name = Base; path = Base.lproj/LaunchScreen.storyboard; sourceTree = "<group>"; };
		184B1D5B207C9ADA00C9F9F9 /* Info.plist */ = {isa = PBXFileReference; lastKnownFileType = text.plist.xml; path = Info.plist; sourceTree = "<group>"; };
/* End PBXFileReference section */

/* Begin PBXFrameworksBuildPhase section */
		184B1D49207C9ADA00C9F9F9 /* Frameworks */ = {
			isa = PBXFrameworksBuildPhase;
			buildActionMask = 2147483647;
			files = (
			);
			runOnlyForDeploymentPostprocessing = 0;
		};
/* End PBXFrameworksBuildPhase section */

/* Begin PBXGroup section */
		184B1D43207C9ADA00C9F9F9 = {
			isa = PBXGroup;
			children = (
				184B1D4E207C9ADA00C9F9F9 /* SGPagingViewDemo */,
				184B1D4D207C9ADA00C9F9F9 /* Products */,
			);
			sourceTree = "<group>";
		};
		184B1D4D207C9ADA00C9F9F9 /* Products */ = {
			isa = PBXGroup;
			children = (
				184B1D4C207C9ADA00C9F9F9 /* SGPagingViewDemo.app */,
			);
			name = Products;
			sourceTree = "<group>";
		};
		184B1D4E207C9ADA00C9F9F9 /* SGPagingViewDemo */ = {
			isa = PBXGroup;
			children = (
				184B1D4F207C9ADA00C9F9F9 /* AppDelegate.swift */,
				184B1D51207C9ADA00C9F9F9 /* ViewController.swift */,
				184B1D53207C9ADA00C9F9F9 /* Main.storyboard */,
				184B1D56207C9ADA00C9F9F9 /* Assets.xcassets */,
				184B1D58207C9ADA00C9F9F9 /* LaunchScreen.storyboard */,
				184B1D5B207C9ADA00C9F9F9 /* Info.plist */,
			);
			path = SGPagingViewDemo;
			sourceTree = "<group>";
		};
/* End PBXGroup section */

/* Begin PBXNativeTarget section */
		184B1D4B207C9ADA00C9F9F9 /* SGPagingViewDemo */ = {
			isa = PBXNativeTarget;
			buildConfigurationList = 184B1D5E207C9ADA00C9F9F9 /* Build configuration list for PBXNativeTarget "SGPagingViewDemo" */;
			buildPhases = (
				184B1D48207C9ADA00C9F9F9 /* Sources */,
				184B1D49207C9ADA00C9F9F9 /* Frameworks */,
				184B1D4A207C9ADA00C9F9F9 /* Resources */,
			);
			buildRules = (
			);
			dependencies = (
			);
			name = SGPagingViewDemo;
			productName = SGPagingViewDemo;
			productReference = 184B1D4C207C9ADA00C9F9F9 /* SGPagingViewDemo.app */;
			productType = "com.apple.product-type.application";
		};
/* End PBXNativeTarget section */

/* Begin PBXProject section */
		184B1D44207C9ADA00C9F9F9 /* Project object */ = {
			isa = PBXProject;
			attributes = {
				LastSwiftUpdateCheck = 0920;
				LastUpgradeCheck = 0920;
				ORGANIZATIONNAME = Apple;
				TargetAttributes = {
					184B1D4B207C9ADA00C9F9F9 = {
						CreatedOnToolsVersion = 9.2;
						ProvisioningStyle = Automatic;
					};
				};
			};
			buildConfigurationList = 184B1D47207C9ADA00C9F9F9 /* Build configuration list for PBXProject "SGPagingViewDemo" */;
			compatibilityVersion = "Xcode 8.0";
			developmentRegion = en;
			hasScannedForEncodings = 0;
			knownRegions = (
				en,
				Base,
			);
			mainGroup = 184B1D43207C9ADA00C9F9F9;
			productRefGroup = 184B1D4D207C9ADA00C9F9F9 /* Products */;
			projectDirPath = "";
			projectRoot = "";
			targets = (
				184B1D4B207C9ADA00C9F9F9 /* SGPagingViewDemo */,
			);
		};
/* End PBXProject section */

/* Begin PBXResourcesBuildPhase section */
		184B1D4A207C9ADA00C9F9F9 /* Resources */ = {
			isa = PBXResourcesBuildPhase;
			buildActionMask = 2147483647;
			files = (
				184B1D5A207C9ADA00C9F9F9 /* LaunchScreen.storyboard in Resources */,
				184B1D57207C9ADA00C9F9F9 /* Assets.xcassets in Resources */,
				184B1D55207C9ADA00C9F9F9 /* Main.storyboard in Resources */,
			);
			runOnlyForDeploymentPostprocessing = 0;
		};
/* End PBXResourcesBuildPhase section */

/* Begin PBXSourcesBuildPhase section */
		184B1D48207C9ADA00C9F9F9 /* Sources */ = {
			isa = PBXSourcesBuildPhase;
			buildActionMask = 2147483647;
			files = (
				184B1D52207C9ADA00C9F9F9 /* ViewController.swift in Sources */,
				184B1D50207C9ADA00C9F9F9 /* AppDelegate.swift in Sources */,
			);
			runOnlyForDeploymentPostprocessing = 0;
		};
/* End PBXSourcesBuildPhase section */

/* Begin PBXVariantGroup section */
		184B1D53207C9ADA00C9F9F9 /* Main.storyboard */ = {
			isa = PBXVariantGroup;
			children = (
				184B1D54207C9ADA00C9F9F9 /* Base */,
			);
			name = Main.storyboard;
			sourceTree = "<group>";
		};
		184B1D58207C9ADA00C9F9F9 /* LaunchScreen.storyboard */ = {
			isa = PBXVariantGroup;
			children = (
				184B1D59207C9ADA00C9F9F9 /* Base */,
			);
			name = LaunchScreen.storyboard;
			sourceTree = "<group>";
		};
/* End PBXVariantGroup section */

/* Begin XCBuildConfiguration section */
		184B1D5C207C9ADA00C9F9F9 /* Debug */ = {
			isa = XCBuildConfiguration;
			buildSettings = {
				ALWAYS_SEARCH_USER_PATHS = NO;
				CLANG_ANALYZER_NONNULL = YES;
				CLANG_ANALYZER_NUMBER_OBJECT_CONVERSION = YES_AGGRESSIVE;
				CLANG_CXX_LANGUAGE_STANDARD = "gnu++14";
				CLANG_CXX_LIBRARY = "libc++";
				CLANG_ENABLE_MODULES = YES;
				CLANG_ENABLE_OBJC_ARC = YES;
				CLANG_WARN_BLOCK_CAPTURE_AUTORELEASING = YES;
				CLANG_WARN_BOOL_CONVERSION = YES;
				CLANG_WARN_COMMA = YES;
				CLANG_WARN_CONSTANT_CONVERSION = YES;
				CLANG_WARN_DIRECT_OBJC_ISA_USAGE = YES_ERROR;
				CLANG_WARN_DOCUMENTATION_COMMENTS = YES;
				CLANG_WARN_EMPTY_BODY = YES;
				CLANG_WARN_ENUM_CONVERSION = YES;
				CLANG_WARN_INFINITE_RECURSION = YES;
				CLANG_WARN_INT_CONVERSION = YES;
				CLANG_WARN_NON_LITERAL_NULL_CONVERSION = YES;
				CLANG_WARN_OBJC_LITERAL_CONVERSION = YES;
				CLANG_WARN_OBJC_ROOT_CLASS = YES_ERROR;
				CLANG_WARN_RANGE_LOOP_ANALYSIS = YES;
				CLANG_WARN_STRICT_PROTOTYPES = YES;
				CLANG_WARN_SUSPICIOUS_MOVE = YES;
				CLANG_WARN_UNGUARDED_AVAILABILITY = YES_AGGRESSIVE;
				CLANG_WARN_UNREACHABLE_CODE = YES;
				CLANG_WARN__DUPLICATE_METHOD_MATCH = YES;
				CODE_SIGN_IDENTITY = "iPhone Developer";
				COPY_PHASE_STRIP = NO;
				DEBUG_INFORMATION_FORMAT = dwarf;
				ENABLE_STRICT_OBJC_MSGSEND = YES;
				ENABLE_TESTABILITY = YES;
				GCC_C_LANGUAGE_STANDARD = gnu11;
				GCC_DYNAMIC_NO_PIC = NO;
				GCC_NO_COMMON_BLOCKS = YES;
				GCC_OPTIMIZATION_LEVEL = 0;
				GCC_PREPROCESSOR_DEFINITIONS = (
					"DEBUG=1",
					"$(inherited)",
				);
				GCC_WARN_64_TO_32_BIT_CONVERSION = YES;
				GCC_WARN_ABOUT_RETURN_TYPE = YES_ERROR;
				GCC_WARN_UNDECLARED_SELECTOR = YES;
				GCC_WARN_UNINITIALIZED_AUTOS = YES_AGGRESSIVE;
				GCC_WARN_UNUSED_FUNCTION = YES;
				GCC_WARN_UNUSED_VARIABLE = YES;
				IPHONEOS_DEPLOYMENT_TARGET = 11.2;
				MTL_ENABLE_DEBUG_INFO = YES;
				ONLY_ACTIVE_ARCH = YES;
				SDKROOT = iphoneos;
				SWIFT_ACTIVE_COMPILATION_CONDITIONS = DEBUG;
				SWIFT_OPTIMIZATION_LEVEL = "-Onone";
			};
			name = Debug;
		};
		184B1D5D207C9ADA00C9F9F9 /* Release */ = {
			isa = XCBuildConfiguration;
			buildSettings = {
				ALWAYS_SEARCH_USER_PATHS = NO;
				CLANG_ANALYZER_NONNULL = YES;
				CLANG_ANALYZER_NUMBER_OBJECT_CONVERSION = YES_AGGRESSIVE;
				CLANG_CXX_LANGUAGE_STANDARD = "gnu++14";
				CLANG_CXX_LIBRARY = "libc++";
				CLANG_ENABLE_MODULES = YES;
				CLANG_ENABLE_OBJC_ARC = YES;
				CLANG_WARN_BLOCK_CAPTURE_AUTORELEASING = YES;
				CLANG_WARN_BOOL_CONVERSION = YES;
				CLANG_WARN_COMMA = YES;
				CLANG_WARN_CONSTANT_CONVERSION = YES;
				CLANG_WARN_DIRECT_OBJC_ISA_USAGE = YES_ERROR;
				CLANG_WARN_DOCUMENTATION_COMMENTS = YES;
				CLANG_WARN_EMPTY_BODY = YES;
				CLANG_WARN_ENUM_CONVERSION = YES;
				CLANG_WARN_INFINITE_RECURSION = YES;
				CLANG_WARN_INT_CONVERSION = YES;
				CLANG_WARN_NON_LITERAL_NULL_CONVERSION = YES;
				CLANG_WARN_OBJC_LITERAL_CONVERSION = YES;
				CLANG_WARN_OBJC_ROOT_CLASS = YES_ERROR;
				CLANG_WARN_RANGE_LOOP_ANALYSIS = YES;
				CLANG_WARN_STRICT_PROTOTYPES = YES;
				CLANG_WARN_SUSPICIOUS_MOVE = YES;
				CLANG_WARN_UNGUARDED_AVAILABILITY = YES_AGGRESSIVE;
				CLANG_WARN_UNREACHABLE_CODE = YES;
				CLANG_WARN__DUPLICATE_METHOD_MATCH = YES;
				CODE_SIGN_IDENTITY = "iPhone Developer";
				COPY_PHASE_STRIP = NO;
				DEBUG_INFORMATION_FORMAT = "dwarf-with-dsym";
				ENABLE_NS_ASSERTIONS = NO;
				ENABLE_STRICT_OBJC_MSGSEND = YES;
				GCC_C_LANGUAGE_STANDARD = gnu11;
				GCC_NO_COMMON_BLOCKS = YES;
				GCC_WARN_64_TO_32_BIT_CONVERSION = YES;
				GCC_WARN_ABOUT_RETURN_TYPE = YES_ERROR;
				GCC_WARN_UNDECLARED_SELECTOR = YES;
				GCC_WARN_UNINITIALIZED_AUTOS = YES_AGGRESSIVE;
				GCC_WARN_UNUSED_FUNCTION = YES;
				GCC_WARN_UNUSED_VARIABLE = YES;
				IPHONEOS_DEPLOYMENT_TARGET = 11.2;
				MTL_ENABLE_DEBUG_INFO = NO;
				SDKROOT = iphoneos;
				SWIFT_OPTIMIZATION_LEVEL = "-Owholemodule";
				VALIDATE_PRODUCT = YES;
			};
			name = Release;
		};
		184B1D5F207C9ADA00C9F9F9 /* Debug */ = {
			isa = XCBuildConfiguration;
			buildSettings = {
				ASSETCATALOG_COMPILER_APPICON_NAME = AppIcon;
				CODE_SIGN_STYLE = Automatic;
				DEVELOPMENT_TEAM = JY454XBRDK;
				INFOPLIST_FILE = SGPagingViewDemo/Info.plist;
				LD_RUNPATH_SEARCH_PATHS = "$(inherited) @executable_path/Frameworks";
				PRODUCT_BUNDLE_IDENTIFIER = ibanyi.SGPagingViewDemo;
				PRODUCT_NAME = "$(TARGET_NAME)";
				SWIFT_VERSION = 4.0;
				TARGETED_DEVICE_FAMILY = "1,2";
			};
			name = Debug;
		};
		184B1D60207C9ADA00C9F9F9 /* Release */ = {
			isa = XCBuildConfiguration;
			buildSettings = {
				ASSETCATALOG_COMPILER_APPICON_NAME = AppIcon;
				CODE_SIGN_STYLE = Automatic;
				DEVELOPMENT_TEAM = JY454XBRDK;
				INFOPLIST_FILE = SGPagingViewDemo/Info.plist;
				LD_RUNPATH_SEARCH_PATHS = "$(inherited) @executable_path/Frameworks";
				PRODUCT_BUNDLE_IDENTIFIER = ibanyi.SGPagingViewDemo;
				PRODUCT_NAME = "$(TARGET_NAME)";
				SWIFT_VERSION = 4.0;
				TARGETED_DEVICE_FAMILY = "1,2";
			};
			name = Release;
		};
/* End XCBuildConfiguration section */

/* Begin XCConfigurationList section */
		184B1D47207C9ADA00C9F9F9 /* Build configuration list for PBXProject "SGPagingViewDemo" */ = {
			isa = XCConfigurationList;
			buildConfigurations = (
				184B1D5C207C9ADA00C9F9F9 /* Debug */,
				184B1D5D207C9ADA00C9F9F9 /* Release */,
			);
			defaultConfigurationIsVisible = 0;
			defaultConfigurationName = Release;
		};
		184B1D5E207C9ADA00C9F9F9 /* Build configuration list for PBXNativeTarget "SGPagingViewDemo" */ = {
			isa = XCConfigurationList;
			buildConfigurations = (
				184B1D5F207C9ADA00C9F9F9 /* Debug */,
				184B1D60207C9ADA00C9F9F9 /* Release */,
			);
			defaultConfigurationIsVisible = 0;
			defaultConfigurationName = Release;
		};
/* End XCConfigurationList section */
	};
	rootObject = 184B1D44207C9ADA00C9F9F9 /* Project object */;
}
